// !$*UTF8*$!
{
	archiveVersion = 1;
	classes = {
	};
	objectVersion = 55;
	objects = {

/* Begin PBXBuildFile section */
		42F5BFF05898A2263E586959 /* Pods_Space_App.framework in Frameworks */ = {isa = PBXBuildFile; fileRef = 74C3CF5B0D3703545E1991D3 /* Pods_Space_App.framework */; };
		6518493B29956B4F00403B87 /* MainMenuView.swift in Sources */ = {isa = PBXBuildFile; fileRef = 6518493A29956B4F00403B87 /* MainMenuView.swift */; };
		651AC4F32947C75C00738B80 /* FiltersViewController.swift in Sources */ = {isa = PBXBuildFile; fileRef = 651AC4F12947C75B00738B80 /* FiltersViewController.swift */; };
		651AC4F42947C75C00738B80 /* FiltersViewController.xib in Resources */ = {isa = PBXBuildFile; fileRef = 651AC4F22947C75B00738B80 /* FiltersViewController.xib */; };
		65BAEBAC2915687800B633BE /* ModelledViewController.swift in Sources */ = {isa = PBXBuildFile; fileRef = 65BAEBAB2915687800B633BE /* ModelledViewController.swift */; };
		65BAEBAE2915691800B633BE /* ViewModel.swift in Sources */ = {isa = PBXBuildFile; fileRef = 65BAEBAD2915691800B633BE /* ViewModel.swift */; };
		65BAEBB02915694000B633BE /* ViewModelProtocol.swift in Sources */ = {isa = PBXBuildFile; fileRef = 65BAEBAF2915694000B633BE /* ViewModelProtocol.swift */; };
		65EDEE67291F0A5100844001 /* Extensions.swift in Sources */ = {isa = PBXBuildFile; fileRef = 65EDEE66291F0A5100844001 /* Extensions.swift */; };
		65F7A3722913152E00C32E17 /* AppDelegate.swift in Sources */ = {isa = PBXBuildFile; fileRef = 65F7A3712913152E00C32E17 /* AppDelegate.swift */; };
		65F7A3742913152E00C32E17 /* SceneDelegate.swift in Sources */ = {isa = PBXBuildFile; fileRef = 65F7A3732913152E00C32E17 /* SceneDelegate.swift */; };
		65F7A37B2913153000C32E17 /* Assets.xcassets in Resources */ = {isa = PBXBuildFile; fileRef = 65F7A37A2913153000C32E17 /* Assets.xcassets */; };
		65F7A37E2913153000C32E17 /* LaunchScreen.storyboard in Resources */ = {isa = PBXBuildFile; fileRef = 65F7A37C2913153000C32E17 /* LaunchScreen.storyboard */; };
		65F7A3892913153000C32E17 /* Space_AppTests.swift in Sources */ = {isa = PBXBuildFile; fileRef = 65F7A3882913153000C32E17 /* Space_AppTests.swift */; };
		65F7A3932913153000C32E17 /* Space_AppUITests.swift in Sources */ = {isa = PBXBuildFile; fileRef = 65F7A3922913153000C32E17 /* Space_AppUITests.swift */; };
		65F7A3952913153000C32E17 /* Space_AppUITestsLaunchTests.swift in Sources */ = {isa = PBXBuildFile; fileRef = 65F7A3942913153000C32E17 /* Space_AppUITestsLaunchTests.swift */; };
		65F7A3A4291315C200C32E17 /* Spacecraft.swift in Sources */ = {isa = PBXBuildFile; fileRef = 65F7A3A3291315C200C32E17 /* Spacecraft.swift */; };
		65F7A3A62913160600C32E17 /* Network Manager.swift in Sources */ = {isa = PBXBuildFile; fileRef = 65F7A3A52913160600C32E17 /* Network Manager.swift */; };
		65F7A3A82913169100C32E17 /* Constants.swift in Sources */ = {isa = PBXBuildFile; fileRef = 65F7A3A72913169100C32E17 /* Constants.swift */; };
		65F7A3AB2913427600C32E17 /* NavigationController.swift in Sources */ = {isa = PBXBuildFile; fileRef = 65F7A3AA2913427600C32E17 /* NavigationController.swift */; };
		65F7A3B32915665500C32E17 /* MainMenuViewModel.swift in Sources */ = {isa = PBXBuildFile; fileRef = 65F7A3B22915665500C32E17 /* MainMenuViewModel.swift */; };
/* End PBXBuildFile section */

/* Begin PBXContainerItemProxy section */
		65F7A3852913153000C32E17 /* PBXContainerItemProxy */ = {
			isa = PBXContainerItemProxy;
			containerPortal = 65F7A3662913152E00C32E17 /* Project object */;
			proxyType = 1;
			remoteGlobalIDString = 65F7A36D2913152E00C32E17;
			remoteInfo = "Space App";
		};
		65F7A38F2913153000C32E17 /* PBXContainerItemProxy */ = {
			isa = PBXContainerItemProxy;
			containerPortal = 65F7A3662913152E00C32E17 /* Project object */;
			proxyType = 1;
			remoteGlobalIDString = 65F7A36D2913152E00C32E17;
			remoteInfo = "Space App";
		};
/* End PBXContainerItemProxy section */

/* Begin PBXFileReference section */
		425B468E4BA7F6851BC4CD07 /* Pods-Space App.release.xcconfig */ = {isa = PBXFileReference; includeInIndex = 1; lastKnownFileType = text.xcconfig; name = "Pods-Space App.release.xcconfig"; path = "Target Support Files/Pods-Space App/Pods-Space App.release.xcconfig"; sourceTree = "<group>"; };
		6518493A29956B4F00403B87 /* MainMenuView.swift */ = {isa = PBXFileReference; lastKnownFileType = sourcecode.swift; path = MainMenuView.swift; sourceTree = "<group>"; };
		651AC4F12947C75B00738B80 /* FiltersViewController.swift */ = {isa = PBXFileReference; lastKnownFileType = sourcecode.swift; path = FiltersViewController.swift; sourceTree = "<group>"; };
		651AC4F22947C75B00738B80 /* FiltersViewController.xib */ = {isa = PBXFileReference; lastKnownFileType = file.xib; path = FiltersViewController.xib; sourceTree = "<group>"; };
		65BAEBAB2915687800B633BE /* ModelledViewController.swift */ = {isa = PBXFileReference; lastKnownFileType = sourcecode.swift; path = ModelledViewController.swift; sourceTree = "<group>"; };
		65BAEBAD2915691800B633BE /* ViewModel.swift */ = {isa = PBXFileReference; lastKnownFileType = sourcecode.swift; path = ViewModel.swift; sourceTree = "<group>"; };
		65BAEBAF2915694000B633BE /* ViewModelProtocol.swift */ = {isa = PBXFileReference; lastKnownFileType = sourcecode.swift; path = ViewModelProtocol.swift; sourceTree = "<group>"; };
		65EDEE66291F0A5100844001 /* Extensions.swift */ = {isa = PBXFileReference; lastKnownFileType = sourcecode.swift; path = Extensions.swift; sourceTree = "<group>"; };
		65F7A36E2913152E00C32E17 /* Space App.app */ = {isa = PBXFileReference; explicitFileType = wrapper.application; includeInIndex = 0; path = "Space App.app"; sourceTree = BUILT_PRODUCTS_DIR; };
		65F7A3712913152E00C32E17 /* AppDelegate.swift */ = {isa = PBXFileReference; lastKnownFileType = sourcecode.swift; path = AppDelegate.swift; sourceTree = "<group>"; };
		65F7A3732913152E00C32E17 /* SceneDelegate.swift */ = {isa = PBXFileReference; lastKnownFileType = sourcecode.swift; path = SceneDelegate.swift; sourceTree = "<group>"; };
		65F7A37A2913153000C32E17 /* Assets.xcassets */ = {isa = PBXFileReference; lastKnownFileType = folder.assetcatalog; path = Assets.xcassets; sourceTree = "<group>"; };
		65F7A37D2913153000C32E17 /* Base */ = {isa = PBXFileReference; lastKnownFileType = file.storyboard; name = Base; path = Base.lproj/LaunchScreen.storyboard; sourceTree = "<group>"; };
		65F7A37F2913153000C32E17 /* Info.plist */ = {isa = PBXFileReference; lastKnownFileType = text.plist.xml; path = Info.plist; sourceTree = "<group>"; };
		65F7A3842913153000C32E17 /* Space AppTests.xctest */ = {isa = PBXFileReference; explicitFileType = wrapper.cfbundle; includeInIndex = 0; path = "Space AppTests.xctest"; sourceTree = BUILT_PRODUCTS_DIR; };
		65F7A3882913153000C32E17 /* Space_AppTests.swift */ = {isa = PBXFileReference; lastKnownFileType = sourcecode.swift; path = Space_AppTests.swift; sourceTree = "<group>"; };
		65F7A38E2913153000C32E17 /* Space AppUITests.xctest */ = {isa = PBXFileReference; explicitFileType = wrapper.cfbundle; includeInIndex = 0; path = "Space AppUITests.xctest"; sourceTree = BUILT_PRODUCTS_DIR; };
		65F7A3922913153000C32E17 /* Space_AppUITests.swift */ = {isa = PBXFileReference; lastKnownFileType = sourcecode.swift; path = Space_AppUITests.swift; sourceTree = "<group>"; };
		65F7A3942913153000C32E17 /* Space_AppUITestsLaunchTests.swift */ = {isa = PBXFileReference; lastKnownFileType = sourcecode.swift; path = Space_AppUITestsLaunchTests.swift; sourceTree = "<group>"; };
		65F7A3A3291315C200C32E17 /* Spacecraft.swift */ = {isa = PBXFileReference; lastKnownFileType = sourcecode.swift; path = Spacecraft.swift; sourceTree = "<group>"; xcLanguageSpecificationIdentifier = xcode.lang.swift; };
		65F7A3A52913160600C32E17 /* Network Manager.swift */ = {isa = PBXFileReference; lastKnownFileType = sourcecode.swift; path = "Network Manager.swift"; sourceTree = "<group>"; };
		65F7A3A72913169100C32E17 /* Constants.swift */ = {isa = PBXFileReference; lastKnownFileType = sourcecode.swift; path = Constants.swift; sourceTree = "<group>"; };
		65F7A3AA2913427600C32E17 /* NavigationController.swift */ = {isa = PBXFileReference; lastKnownFileType = sourcecode.swift; path = NavigationController.swift; sourceTree = "<group>"; };
		65F7A3B22915665500C32E17 /* MainMenuViewModel.swift */ = {isa = PBXFileReference; lastKnownFileType = sourcecode.swift; path = MainMenuViewModel.swift; sourceTree = "<group>"; };
		74C3CF5B0D3703545E1991D3 /* Pods_Space_App.framework */ = {isa = PBXFileReference; explicitFileType = wrapper.framework; includeInIndex = 0; path = Pods_Space_App.framework; sourceTree = BUILT_PRODUCTS_DIR; };
		A7441E371D9C0CCBA6258D72 /* Pods-Space App.debug.xcconfig */ = {isa = PBXFileReference; includeInIndex = 1; lastKnownFileType = text.xcconfig; name = "Pods-Space App.debug.xcconfig"; path = "Target Support Files/Pods-Space App/Pods-Space App.debug.xcconfig"; sourceTree = "<group>"; };
/* End PBXFileReference section */

/* Begin PBXFrameworksBuildPhase section */
		65F7A36B2913152E00C32E17 /* Frameworks */ = {
			isa = PBXFrameworksBuildPhase;
			buildActionMask = 2147483647;
			files = (
				42F5BFF05898A2263E586959 /* Pods_Space_App.framework in Frameworks */,
			);
			runOnlyForDeploymentPostprocessing = 0;
		};
		65F7A3812913153000C32E17 /* Frameworks */ = {
			isa = PBXFrameworksBuildPhase;
			buildActionMask = 2147483647;
			files = (
			);
			runOnlyForDeploymentPostprocessing = 0;
		};
		65F7A38B2913153000C32E17 /* Frameworks */ = {
			isa = PBXFrameworksBuildPhase;
			buildActionMask = 2147483647;
			files = (
			);
			runOnlyForDeploymentPostprocessing = 0;
		};
/* End PBXFrameworksBuildPhase section */

/* Begin PBXGroup section */
		651AC4F02947C70A00738B80 /* 1.2. Filters */ = {
			isa = PBXGroup;
			children = (
				651AC4F12947C75B00738B80 /* FiltersViewController.swift */,
				651AC4F22947C75B00738B80 /* FiltersViewController.xib */,
			);
			path = "1.2. Filters";
			sourceTree = "<group>";
		};
		65BAEBAA2915684300B633BE /* MVVM */ = {
			isa = PBXGroup;
			children = (
				65BAEBAB2915687800B633BE /* ModelledViewController.swift */,
				65BAEBAD2915691800B633BE /* ViewModel.swift */,
				65BAEBAF2915694000B633BE /* ViewModelProtocol.swift */,
			);
			path = MVVM;
			sourceTree = "<group>";
		};
		65F7A3652913152E00C32E17 = {
			isa = PBXGroup;
			children = (
				65F7A3702913152E00C32E17 /* Space App */,
				65F7A3872913153000C32E17 /* Space AppTests */,
				65F7A3912913153000C32E17 /* Space AppUITests */,
				65F7A36F2913152E00C32E17 /* Products */,
				AD364921E5B0C52F2AA3B314 /* Pods */,
				975E5E6CEA3AFF174D2EE481 /* Frameworks */,
			);
			sourceTree = "<group>";
		};
		65F7A36F2913152E00C32E17 /* Products */ = {
			isa = PBXGroup;
			children = (
				65F7A36E2913152E00C32E17 /* Space App.app */,
				65F7A3842913153000C32E17 /* Space AppTests.xctest */,
				65F7A38E2913153000C32E17 /* Space AppUITests.xctest */,
			);
			name = Products;
			sourceTree = "<group>";
		};
		65F7A3702913152E00C32E17 /* Space App */ = {
			isa = PBXGroup;
			children = (
				65EDEE66291F0A5100844001 /* Extensions.swift */,
				65F7A3A72913169100C32E17 /* Constants.swift */,
				65BAEBAA2915684300B633BE /* MVVM */,
				65F7A3A92913426300C32E17 /* Navigation */,
				65F7A3A22913155F00C32E17 /* Data Models */,
				65F7A3A12913155400C32E17 /* Networking */,
				65F7A3B12915659F00C32E17 /* 1. Main Menu */,
				65F7A3712913152E00C32E17 /* AppDelegate.swift */,
				65F7A3732913152E00C32E17 /* SceneDelegate.swift */,
				65F7A37A2913153000C32E17 /* Assets.xcassets */,
				65F7A37C2913153000C32E17 /* LaunchScreen.storyboard */,
				65F7A37F2913153000C32E17 /* Info.plist */,
			);
			path = "Space App";
			sourceTree = "<group>";
		};
		65F7A3872913153000C32E17 /* Space AppTests */ = {
			isa = PBXGroup;
			children = (
				65F7A3882913153000C32E17 /* Space_AppTests.swift */,
			);
			path = "Space AppTests";
			sourceTree = "<group>";
		};
		65F7A3912913153000C32E17 /* Space AppUITests */ = {
			isa = PBXGroup;
			children = (
				65F7A3922913153000C32E17 /* Space_AppUITests.swift */,
				65F7A3942913153000C32E17 /* Space_AppUITestsLaunchTests.swift */,
			);
			path = "Space AppUITests";
			sourceTree = "<group>";
		};
		65F7A3A12913155400C32E17 /* Networking */ = {
			isa = PBXGroup;
			children = (
				65F7A3A52913160600C32E17 /* Network Manager.swift */,
			);
			path = Networking;
			sourceTree = "<group>";
		};
		65F7A3A22913155F00C32E17 /* Data Models */ = {
			isa = PBXGroup;
			children = (
				65F7A3A3291315C200C32E17 /* Spacecraft.swift */,
			);
			path = "Data Models";
			sourceTree = "<group>";
		};
		65F7A3A92913426300C32E17 /* Navigation */ = {
			isa = PBXGroup;
			children = (
				65F7A3AA2913427600C32E17 /* NavigationController.swift */,
			);
			path = Navigation;
			sourceTree = "<group>";
		};
		65F7A3B12915659F00C32E17 /* 1. Main Menu */ = {
			isa = PBXGroup;
			children = (
				651AC4F02947C70A00738B80 /* 1.2. Filters */,
				65F7A3B22915665500C32E17 /* MainMenuViewModel.swift */,
				6518493A29956B4F00403B87 /* MainMenuView.swift */,
			);
			path = "1. Main Menu";
			sourceTree = "<group>";
		};
		975E5E6CEA3AFF174D2EE481 /* Frameworks */ = {
			isa = PBXGroup;
			children = (
				74C3CF5B0D3703545E1991D3 /* Pods_Space_App.framework */,
			);
			name = Frameworks;
			sourceTree = "<group>";
		};
		AD364921E5B0C52F2AA3B314 /* Pods */ = {
			isa = PBXGroup;
			children = (
				A7441E371D9C0CCBA6258D72 /* Pods-Space App.debug.xcconfig */,
				425B468E4BA7F6851BC4CD07 /* Pods-Space App.release.xcconfig */,
			);
			path = Pods;
			sourceTree = "<group>";
		};
/* End PBXGroup section */

/* Begin PBXNativeTarget section */
		65F7A36D2913152E00C32E17 /* Space App */ = {
			isa = PBXNativeTarget;
			buildConfigurationList = 65F7A3982913153000C32E17 /* Build configuration list for PBXNativeTarget "Space App" */;
			buildPhases = (
				D8BE6C26F2A8235824F3654D /* [CP] Check Pods Manifest.lock */,
				65F7A36A2913152E00C32E17 /* Sources */,
				65F7A36B2913152E00C32E17 /* Frameworks */,
				65F7A36C2913152E00C32E17 /* Resources */,
				65F7A3B029155FE500C32E17 /* ShellScript */,
				70320FB8D97AB806CA321892 /* [CP] Embed Pods Frameworks */,
			);
			buildRules = (
			);
			dependencies = (
			);
			name = "Space App";
			productName = "Space App";
			productReference = 65F7A36E2913152E00C32E17 /* Space App.app */;
			productType = "com.apple.product-type.application";
		};
		65F7A3832913153000C32E17 /* Space AppTests */ = {
			isa = PBXNativeTarget;
			buildConfigurationList = 65F7A39B2913153000C32E17 /* Build configuration list for PBXNativeTarget "Space AppTests" */;
			buildPhases = (
				65F7A3802913153000C32E17 /* Sources */,
				65F7A3812913153000C32E17 /* Frameworks */,
				65F7A3822913153000C32E17 /* Resources */,
			);
			buildRules = (
			);
			dependencies = (
				65F7A3862913153000C32E17 /* PBXTargetDependency */,
			);
			name = "Space AppTests";
			productName = "Space AppTests";
			productReference = 65F7A3842913153000C32E17 /* Space AppTests.xctest */;
			productType = "com.apple.product-type.bundle.unit-test";
		};
		65F7A38D2913153000C32E17 /* Space AppUITests */ = {
			isa = PBXNativeTarget;
			buildConfigurationList = 65F7A39E2913153000C32E17 /* Build configuration list for PBXNativeTarget "Space AppUITests" */;
			buildPhases = (
				65F7A38A2913153000C32E17 /* Sources */,
				65F7A38B2913153000C32E17 /* Frameworks */,
				65F7A38C2913153000C32E17 /* Resources */,
			);
			buildRules = (
			);
			dependencies = (
				65F7A3902913153000C32E17 /* PBXTargetDependency */,
			);
			name = "Space AppUITests";
			productName = "Space AppUITests";
			productReference = 65F7A38E2913153000C32E17 /* Space AppUITests.xctest */;
			productType = "com.apple.product-type.bundle.ui-testing";
		};
/* End PBXNativeTarget section */

/* Begin PBXProject section */
		65F7A3662913152E00C32E17 /* Project object */ = {
			isa = PBXProject;
			attributes = {
				BuildIndependentTargetsInParallel = 1;
				LastSwiftUpdateCheck = 1400;
				LastUpgradeCheck = 1400;
				TargetAttributes = {
					65F7A36D2913152E00C32E17 = {
						CreatedOnToolsVersion = 14.0.1;
					};
					65F7A3832913153000C32E17 = {
						CreatedOnToolsVersion = 14.0.1;
						TestTargetID = 65F7A36D2913152E00C32E17;
					};
					65F7A38D2913153000C32E17 = {
						CreatedOnToolsVersion = 14.0.1;
						TestTargetID = 65F7A36D2913152E00C32E17;
					};
				};
			};
			buildConfigurationList = 65F7A3692913152E00C32E17 /* Build configuration list for PBXProject "Space App" */;
			compatibilityVersion = "Xcode 13.0";
			developmentRegion = en;
			hasScannedForEncodings = 0;
			knownRegions = (
				en,
				Base,
			);
			mainGroup = 65F7A3652913152E00C32E17;
			productRefGroup = 65F7A36F2913152E00C32E17 /* Products */;
			projectDirPath = "";
			projectRoot = "";
			targets = (
				65F7A36D2913152E00C32E17 /* Space App */,
				65F7A3832913153000C32E17 /* Space AppTests */,
				65F7A38D2913153000C32E17 /* Space AppUITests */,
			);
		};
/* End PBXProject section */

/* Begin PBXResourcesBuildPhase section */
		65F7A36C2913152E00C32E17 /* Resources */ = {
			isa = PBXResourcesBuildPhase;
			buildActionMask = 2147483647;
			files = (
				65F7A37E2913153000C32E17 /* LaunchScreen.storyboard in Resources */,
				651AC4F42947C75C00738B80 /* FiltersViewController.xib in Resources */,
				65F7A37B2913153000C32E17 /* Assets.xcassets in Resources */,
			);
			runOnlyForDeploymentPostprocessing = 0;
		};
		65F7A3822913153000C32E17 /* Resources */ = {
			isa = PBXResourcesBuildPhase;
			buildActionMask = 2147483647;
			files = (
			);
			runOnlyForDeploymentPostprocessing = 0;
		};
		65F7A38C2913153000C32E17 /* Resources */ = {
			isa = PBXResourcesBuildPhase;
			buildActionMask = 2147483647;
			files = (
			);
			runOnlyForDeploymentPostprocessing = 0;
		};
/* End PBXResourcesBuildPhase section */

/* Begin PBXShellScriptBuildPhase section */
		65F7A3B029155FE500C32E17 /* ShellScript */ = {
			isa = PBXShellScriptBuildPhase;
			buildActionMask = 2147483647;
			files = (
			);
			inputFileListPaths = (
			);
			inputPaths = (
			);
			outputFileListPaths = (
			);
			outputPaths = (
			);
			runOnlyForDeploymentPostprocessing = 0;
			shellPath = /bin/sh;
			shellScript = "if test -d \"/opt/homebrew/bin/\"; then\n  PATH=\"/opt/homebrew/bin/:${PATH}\"\nfi\n\nif test -d \"$HOME/.mint/bin\"; then\n  PATH=\"$HOME/.mint/bin:${PATH}\"\nfi\n\nexport PATH\n\nif which swiftlint >/dev/null; then\n  swiftlint\nelse\n  echo \"warning: SwiftLint not installed, run setup.sh (or download from https://github.com/realm/SwiftLint)\"\nfi\n";
		};
		70320FB8D97AB806CA321892 /* [CP] Embed Pods Frameworks */ = {
			isa = PBXShellScriptBuildPhase;
			buildActionMask = 2147483647;
			files = (
			);
			inputFileListPaths = (
				"${PODS_ROOT}/Target Support Files/Pods-Space App/Pods-Space App-frameworks-${CONFIGURATION}-input-files.xcfilelist",
			);
			name = "[CP] Embed Pods Frameworks";
			outputFileListPaths = (
				"${PODS_ROOT}/Target Support Files/Pods-Space App/Pods-Space App-frameworks-${CONFIGURATION}-output-files.xcfilelist",
			);
			runOnlyForDeploymentPostprocessing = 0;
			shellPath = /bin/sh;
			shellScript = "\"${PODS_ROOT}/Target Support Files/Pods-Space App/Pods-Space App-frameworks.sh\"\n";
			showEnvVarsInLog = 0;
		};
		D8BE6C26F2A8235824F3654D /* [CP] Check Pods Manifest.lock */ = {
			isa = PBXShellScriptBuildPhase;
			buildActionMask = 2147483647;
			files = (
			);
			inputFileListPaths = (
			);
			inputPaths = (
				"${PODS_PODFILE_DIR_PATH}/Podfile.lock",
				"${PODS_ROOT}/Manifest.lock",
			);
			name = "[CP] Check Pods Manifest.lock";
			outputFileListPaths = (
			);
			outputPaths = (
				"$(DERIVED_FILE_DIR)/Pods-Space App-checkManifestLockResult.txt",
			);
			runOnlyForDeploymentPostprocessing = 0;
			shellPath = /bin/sh;
			shellScript = "diff \"${PODS_PODFILE_DIR_PATH}/Podfile.lock\" \"${PODS_ROOT}/Manifest.lock\" > /dev/null\nif [ $? != 0 ] ; then\n    # print error to STDERR\n    echo \"error: The sandbox is not in sync with the Podfile.lock. Run 'pod install' or update your CocoaPods installation.\" >&2\n    exit 1\nfi\n# This output is used by Xcode 'outputs' to avoid re-running this script phase.\necho \"SUCCESS\" > \"${SCRIPT_OUTPUT_FILE_0}\"\n";
			showEnvVarsInLog = 0;
		};
/* End PBXShellScriptBuildPhase section */

/* Begin PBXSourcesBuildPhase section */
		65F7A36A2913152E00C32E17 /* Sources */ = {
			isa = PBXSourcesBuildPhase;
			buildActionMask = 2147483647;
			files = (
				6518493B29956B4F00403B87 /* MainMenuView.swift in Sources */,
				65BAEBAE2915691800B633BE /* ViewModel.swift in Sources */,
				65BAEBAC2915687800B633BE /* ModelledViewController.swift in Sources */,
				651AC4F32947C75C00738B80 /* FiltersViewController.swift in Sources */,
				65F7A3B32915665500C32E17 /* MainMenuViewModel.swift in Sources */,
				65F7A3A62913160600C32E17 /* Network Manager.swift in Sources */,
				65F7A3722913152E00C32E17 /* AppDelegate.swift in Sources */,
				65F7A3742913152E00C32E17 /* SceneDelegate.swift in Sources */,
				65BAEBB02915694000B633BE /* ViewModelProtocol.swift in Sources */,
				65EDEE67291F0A5100844001 /* Extensions.swift in Sources */,
				65F7A3A4291315C200C32E17 /* Spacecraft.swift in Sources */,
				65F7A3AB2913427600C32E17 /* NavigationController.swift in Sources */,
				65F7A3A82913169100C32E17 /* Constants.swift in Sources */,
			);
			runOnlyForDeploymentPostprocessing = 0;
		};
		65F7A3802913153000C32E17 /* Sources */ = {
			isa = PBXSourcesBuildPhase;
			buildActionMask = 2147483647;
			files = (
				65F7A3892913153000C32E17 /* Space_AppTests.swift in Sources */,
			);
			runOnlyForDeploymentPostprocessing = 0;
		};
		65F7A38A2913153000C32E17 /* Sources */ = {
			isa = PBXSourcesBuildPhase;
			buildActionMask = 2147483647;
			files = (
				65F7A3932913153000C32E17 /* Space_AppUITests.swift in Sources */,
				65F7A3952913153000C32E17 /* Space_AppUITestsLaunchTests.swift in Sources */,
			);
			runOnlyForDeploymentPostprocessing = 0;
		};
/* End PBXSourcesBuildPhase section */

/* Begin PBXTargetDependency section */
		65F7A3862913153000C32E17 /* PBXTargetDependency */ = {
			isa = PBXTargetDependency;
			target = 65F7A36D2913152E00C32E17 /* Space App */;
			targetProxy = 65F7A3852913153000C32E17 /* PBXContainerItemProxy */;
		};
		65F7A3902913153000C32E17 /* PBXTargetDependency */ = {
			isa = PBXTargetDependency;
			target = 65F7A36D2913152E00C32E17 /* Space App */;
			targetProxy = 65F7A38F2913153000C32E17 /* PBXContainerItemProxy */;
		};
/* End PBXTargetDependency section */

/* Begin PBXVariantGroup section */
		65F7A37C2913153000C32E17 /* LaunchScreen.storyboard */ = {
			isa = PBXVariantGroup;
			children = (
				65F7A37D2913153000C32E17 /* Base */,
			);
			name = LaunchScreen.storyboard;
			sourceTree = "<group>";
		};
/* End PBXVariantGroup section */

/* Begin XCBuildConfiguration section */
		65F7A3962913153000C32E17 /* Debug */ = {
			isa = XCBuildConfiguration;
			buildSettings = {
				ALWAYS_SEARCH_USER_PATHS = NO;
				CLANG_ANALYZER_NONNULL = YES;
				CLANG_ANALYZER_NUMBER_OBJECT_CONVERSION = YES_AGGRESSIVE;
				CLANG_CXX_LANGUAGE_STANDARD = "gnu++20";
				CLANG_ENABLE_MODULES = YES;
				CLANG_ENABLE_OBJC_ARC = YES;
				CLANG_ENABLE_OBJC_WEAK = YES;
				CLANG_WARN_BLOCK_CAPTURE_AUTORELEASING = YES;
				CLANG_WARN_BOOL_CONVERSION = YES;
				CLANG_WARN_COMMA = YES;
				CLANG_WARN_CONSTANT_CONVERSION = YES;
				CLANG_WARN_DEPRECATED_OBJC_IMPLEMENTATIONS = YES;
				CLANG_WARN_DIRECT_OBJC_ISA_USAGE = YES_ERROR;
				CLANG_WARN_DOCUMENTATION_COMMENTS = YES;
				CLANG_WARN_EMPTY_BODY = YES;
				CLANG_WARN_ENUM_CONVERSION = YES;
				CLANG_WARN_INFINITE_RECURSION = YES;
				CLANG_WARN_INT_CONVERSION = YES;
				CLANG_WARN_NON_LITERAL_NULL_CONVERSION = YES;
				CLANG_WARN_OBJC_IMPLICIT_RETAIN_SELF = YES;
				CLANG_WARN_OBJC_LITERAL_CONVERSION = YES;
				CLANG_WARN_OBJC_ROOT_CLASS = YES_ERROR;
				CLANG_WARN_QUOTED_INCLUDE_IN_FRAMEWORK_HEADER = YES;
				CLANG_WARN_RANGE_LOOP_ANALYSIS = YES;
				CLANG_WARN_STRICT_PROTOTYPES = YES;
				CLANG_WARN_SUSPICIOUS_MOVE = YES;
				CLANG_WARN_UNGUARDED_AVAILABILITY = YES_AGGRESSIVE;
				CLANG_WARN_UNREACHABLE_CODE = YES;
				CLANG_WARN__DUPLICATE_METHOD_MATCH = YES;
				COPY_PHASE_STRIP = NO;
				DEBUG_INFORMATION_FORMAT = dwarf;
				ENABLE_STRICT_OBJC_MSGSEND = YES;
				ENABLE_TESTABILITY = YES;
				GCC_C_LANGUAGE_STANDARD = gnu11;
				GCC_DYNAMIC_NO_PIC = NO;
				GCC_NO_COMMON_BLOCKS = YES;
				GCC_OPTIMIZATION_LEVEL = 0;
				GCC_PREPROCESSOR_DEFINITIONS = (
					"DEBUG=1",
					"$(inherited)",
				);
				GCC_WARN_64_TO_32_BIT_CONVERSION = YES;
				GCC_WARN_ABOUT_RETURN_TYPE = YES_ERROR;
				GCC_WARN_UNDECLARED_SELECTOR = YES;
				GCC_WARN_UNINITIALIZED_AUTOS = YES_AGGRESSIVE;
				GCC_WARN_UNUSED_FUNCTION = YES;
				GCC_WARN_UNUSED_VARIABLE = YES;
				IPHONEOS_DEPLOYMENT_TARGET = 14.0;
				MTL_ENABLE_DEBUG_INFO = INCLUDE_SOURCE;
				MTL_FAST_MATH = YES;
				ONLY_ACTIVE_ARCH = YES;
				SDKROOT = iphoneos;
				SWIFT_ACTIVE_COMPILATION_CONDITIONS = DEBUG;
				SWIFT_OPTIMIZATION_LEVEL = "-Onone";
			};
			name = Debug;
		};
		65F7A3972913153000C32E17 /* Release */ = {
			isa = XCBuildConfiguration;
			buildSettings = {
				ALWAYS_SEARCH_USER_PATHS = NO;
				CLANG_ANALYZER_NONNULL = YES;
				CLANG_ANALYZER_NUMBER_OBJECT_CONVERSION = YES_AGGRESSIVE;
				CLANG_CXX_LANGUAGE_STANDARD = "gnu++20";
				CLANG_ENABLE_MODULES = YES;
				CLANG_ENABLE_OBJC_ARC = YES;
				CLANG_ENABLE_OBJC_WEAK = YES;
				CLANG_WARN_BLOCK_CAPTURE_AUTORELEASING = YES;
				CLANG_WARN_BOOL_CONVERSION = YES;
				CLANG_WARN_COMMA = YES;
				CLANG_WARN_CONSTANT_CONVERSION = YES;
				CLANG_WARN_DEPRECATED_OBJC_IMPLEMENTATIONS = YES;
				CLANG_WARN_DIRECT_OBJC_ISA_USAGE = YES_ERROR;
				CLANG_WARN_DOCUMENTATION_COMMENTS = YES;
				CLANG_WARN_EMPTY_BODY = YES;
				CLANG_WARN_ENUM_CONVERSION = YES;
				CLANG_WARN_INFINITE_RECURSION = YES;
				CLANG_WARN_INT_CONVERSION = YES;
				CLANG_WARN_NON_LITERAL_NULL_CONVERSION = YES;
				CLANG_WARN_OBJC_IMPLICIT_RETAIN_SELF = YES;
				CLANG_WARN_OBJC_LITERAL_CONVERSION = YES;
				CLANG_WARN_OBJC_ROOT_CLASS = YES_ERROR;
				CLANG_WARN_QUOTED_INCLUDE_IN_FRAMEWORK_HEADER = YES;
				CLANG_WARN_RANGE_LOOP_ANALYSIS = YES;
				CLANG_WARN_STRICT_PROTOTYPES = YES;
				CLANG_WARN_SUSPICIOUS_MOVE = YES;
				CLANG_WARN_UNGUARDED_AVAILABILITY = YES_AGGRESSIVE;
				CLANG_WARN_UNREACHABLE_CODE = YES;
				CLANG_WARN__DUPLICATE_METHOD_MATCH = YES;
				COPY_PHASE_STRIP = NO;
				DEBUG_INFORMATION_FORMAT = "dwarf-with-dsym";
				ENABLE_NS_ASSERTIONS = NO;
				ENABLE_STRICT_OBJC_MSGSEND = YES;
				GCC_C_LANGUAGE_STANDARD = gnu11;
				GCC_NO_COMMON_BLOCKS = YES;
				GCC_WARN_64_TO_32_BIT_CONVERSION = YES;
				GCC_WARN_ABOUT_RETURN_TYPE = YES_ERROR;
				GCC_WARN_UNDECLARED_SELECTOR = YES;
				GCC_WARN_UNINITIALIZED_AUTOS = YES_AGGRESSIVE;
				GCC_WARN_UNUSED_FUNCTION = YES;
				GCC_WARN_UNUSED_VARIABLE = YES;
				IPHONEOS_DEPLOYMENT_TARGET = 14.0;
				MTL_ENABLE_DEBUG_INFO = NO;
				MTL_FAST_MATH = YES;
				SDKROOT = iphoneos;
				SWIFT_COMPILATION_MODE = wholemodule;
				SWIFT_OPTIMIZATION_LEVEL = "-O";
				VALIDATE_PRODUCT = YES;
			};
			name = Release;
		};
		65F7A3992913153000C32E17 /* Debug */ = {
			isa = XCBuildConfiguration;
			baseConfigurationReference = A7441E371D9C0CCBA6258D72 /* Pods-Space App.debug.xcconfig */;
			buildSettings = {
				ASSETCATALOG_COMPILER_APPICON_NAME = AppIcon;
				ASSETCATALOG_COMPILER_GLOBAL_ACCENT_COLOR_NAME = AccentColor;
				CODE_SIGN_STYLE = Automatic;
				CURRENT_PROJECT_VERSION = 1;
				DEVELOPMENT_TEAM = 7265U2P6NP;
				GENERATE_INFOPLIST_FILE = YES;
				INFOPLIST_FILE = "Space App/Info.plist";
				INFOPLIST_KEY_UIApplicationSupportsIndirectInputEvents = YES;
				INFOPLIST_KEY_UILaunchStoryboardName = LaunchScreen;
				INFOPLIST_KEY_UIMainStoryboardFile = "";
				INFOPLIST_KEY_UISupportedInterfaceOrientations_iPad = "UIInterfaceOrientationPortrait UIInterfaceOrientationPortraitUpsideDown UIInterfaceOrientationLandscapeLeft UIInterfaceOrientationLandscapeRight";
				INFOPLIST_KEY_UISupportedInterfaceOrientations_iPhone = "UIInterfaceOrientationPortrait UIInterfaceOrientationLandscapeLeft UIInterfaceOrientationLandscapeRight";
				IPHONEOS_DEPLOYMENT_TARGET = 16.0;
				LD_RUNPATH_SEARCH_PATHS = (
					"$(inherited)",
					"@executable_path/Frameworks",
				);
				MARKETING_VERSION = 1.0;
				PRODUCT_BUNDLE_IDENTIFIER = "CichoszKacper.Space-App";
				PRODUCT_NAME = "$(TARGET_NAME)";
				SWIFT_EMIT_LOC_STRINGS = YES;
				SWIFT_VERSION = 5.0;
				TARGETED_DEVICE_FAMILY = "1,2";
			};
			name = Debug;
		};
		65F7A39A2913153000C32E17 /* Release */ = {
			isa = XCBuildConfiguration;
			baseConfigurationReference = 425B468E4BA7F6851BC4CD07 /* Pods-Space App.release.xcconfig */;
			buildSettings = {
				ASSETCATALOG_COMPILER_APPICON_NAME = AppIcon;
				ASSETCATALOG_COMPILER_GLOBAL_ACCENT_COLOR_NAME = AccentColor;
				CODE_SIGN_STYLE = Automatic;
				CURRENT_PROJECT_VERSION = 1;
				DEVELOPMENT_TEAM = 7265U2P6NP;
				GENERATE_INFOPLIST_FILE = YES;
				INFOPLIST_FILE = "Space App/Info.plist";
				INFOPLIST_KEY_UIApplicationSupportsIndirectInputEvents = YES;
				INFOPLIST_KEY_UILaunchStoryboardName = LaunchScreen;
				INFOPLIST_KEY_UIMainStoryboardFile = "";
				INFOPLIST_KEY_UISupportedInterfaceOrientations_iPad = "UIInterfaceOrientationPortrait UIInterfaceOrientationPortraitUpsideDown UIInterfaceOrientationLandscapeLeft UIInterfaceOrientationLandscapeRight";
				INFOPLIST_KEY_UISupportedInterfaceOrientations_iPhone = "UIInterfaceOrientationPortrait UIInterfaceOrientationLandscapeLeft UIInterfaceOrientationLandscapeRight";
				IPHONEOS_DEPLOYMENT_TARGET = 16.0;
				LD_RUNPATH_SEARCH_PATHS = (
					"$(inherited)",
					"@executable_path/Frameworks",
				);
				MARKETING_VERSION = 1.0;
				PRODUCT_BUNDLE_IDENTIFIER = "CichoszKacper.Space-App";
				PRODUCT_NAME = "$(TARGET_NAME)";
				SWIFT_EMIT_LOC_STRINGS = YES;
				SWIFT_VERSION = 5.0;
				TARGETED_DEVICE_FAMILY = "1,2";
			};
			name = Release;
		};
		65F7A39C2913153000C32E17 /* Debug */ = {
			isa = XCBuildConfiguration;
			buildSettings = {
				ALWAYS_EMBED_SWIFT_STANDARD_LIBRARIES = YES;
				BUNDLE_LOADER = "$(TEST_HOST)";
				CODE_SIGN_STYLE = Automatic;
				CURRENT_PROJECT_VERSION = 1;
				DEVELOPMENT_TEAM = 7265U2P6NP;
				GENERATE_INFOPLIST_FILE = YES;
				IPHONEOS_DEPLOYMENT_TARGET = 16.0;
				MARKETING_VERSION = 1.0;
				PRODUCT_BUNDLE_IDENTIFIER = "CichoszKacper.Space-AppTests";
				PRODUCT_NAME = "$(TARGET_NAME)";
				SWIFT_EMIT_LOC_STRINGS = NO;
				SWIFT_VERSION = 5.0;
				TARGETED_DEVICE_FAMILY = "1,2";
				TEST_HOST = "$(BUILT_PRODUCTS_DIR)/Space App.app/$(BUNDLE_EXECUTABLE_FOLDER_PATH)/Space App";
			};
			name = Debug;
		};
		65F7A39D2913153000C32E17 /* Release */ = {
			isa = XCBuildConfiguration;
			buildSettings = {
				ALWAYS_EMBED_SWIFT_STANDARD_LIBRARIES = YES;
				BUNDLE_LOADER = "$(TEST_HOST)";
				CODE_SIGN_STYLE = Automatic;
				CURRENT_PROJECT_VERSION = 1;
				DEVELOPMENT_TEAM = 7265U2P6NP;
				GENERATE_INFOPLIST_FILE = YES;
				IPHONEOS_DEPLOYMENT_TARGET = 16.0;
				MARKETING_VERSION = 1.0;
				PRODUCT_BUNDLE_IDENTIFIER = "CichoszKacper.Space-AppTests";
				PRODUCT_NAME = "$(TARGET_NAME)";
				SWIFT_EMIT_LOC_STRINGS = NO;
				SWIFT_VERSION = 5.0;
				TARGETED_DEVICE_FAMILY = "1,2";
				TEST_HOST = "$(BUILT_PRODUCTS_DIR)/Space App.app/$(BUNDLE_EXECUTABLE_FOLDER_PATH)/Space App";
			};
			name = Release;
		};
		65F7A39F2913153000C32E17 /* Debug */ = {
			isa = XCBuildConfiguration;
			buildSettings = {
				ALWAYS_EMBED_SWIFT_STANDARD_LIBRARIES = YES;
				CODE_SIGN_STYLE = Automatic;
				CURRENT_PROJECT_VERSION = 1;
				DEVELOPMENT_TEAM = 7265U2P6NP;
				GENERATE_INFOPLIST_FILE = YES;
				MARKETING_VERSION = 1.0;
				PRODUCT_BUNDLE_IDENTIFIER = "CichoszKacper.Space-AppUITests";
				PRODUCT_NAME = "$(TARGET_NAME)";
				SWIFT_EMIT_LOC_STRINGS = NO;
				SWIFT_VERSION = 5.0;
				TARGETED_DEVICE_FAMILY = "1,2";
				TEST_TARGET_NAME = "Space App";
			};
			name = Debug;
		};
		65F7A3A02913153000C32E17 /* Release */ = {
			isa = XCBuildConfiguration;
			buildSettings = {
				ALWAYS_EMBED_SWIFT_STANDARD_LIBRARIES = YES;
				CODE_SIGN_STYLE = Automatic;
				CURRENT_PROJECT_VERSION = 1;
				DEVELOPMENT_TEAM = 7265U2P6NP;
				GENERATE_INFOPLIST_FILE = YES;
				MARKETING_VERSION = 1.0;
				PRODUCT_BUNDLE_IDENTIFIER = "CichoszKacper.Space-AppUITests";
				PRODUCT_NAME = "$(TARGET_NAME)";
				SWIFT_EMIT_LOC_STRINGS = NO;
				SWIFT_VERSION = 5.0;
				TARGETED_DEVICE_FAMILY = "1,2";
				TEST_TARGET_NAME = "Space App";
			};
			name = Release;
		};
/* End XCBuildConfiguration section */

/* Begin XCConfigurationList section */
		65F7A3692913152E00C32E17 /* Build configuration list for PBXProject "Space App" */ = {
			isa = XCConfigurationList;
			buildConfigurations = (
				65F7A3962913153000C32E17 /* Debug */,
				65F7A3972913153000C32E17 /* Release */,
			);
			defaultConfigurationIsVisible = 0;
			defaultConfigurationName = Release;
		};
		65F7A3982913153000C32E17 /* Build configuration list for PBXNativeTarget "Space App" */ = {
			isa = XCConfigurationList;
			buildConfigurations = (
				65F7A3992913153000C32E17 /* Debug */,
				65F7A39A2913153000C32E17 /* Release */,
			);
			defaultConfigurationIsVisible = 0;
			defaultConfigurationName = Release;
		};
		65F7A39B2913153000C32E17 /* Build configuration list for PBXNativeTarget "Space AppTests" */ = {
			isa = XCConfigurationList;
			buildConfigurations = (
				65F7A39C2913153000C32E17 /* Debug */,
				65F7A39D2913153000C32E17 /* Release */,
			);
			defaultConfigurationIsVisible = 0;
			defaultConfigurationName = Release;
		};
		65F7A39E2913153000C32E17 /* Build configuration list for PBXNativeTarget "Space AppUITests" */ = {
			isa = XCConfigurationList;
			buildConfigurations = (
				65F7A39F2913153000C32E17 /* Debug */,
				65F7A3A02913153000C32E17 /* Release */,
			);
			defaultConfigurationIsVisible = 0;
			defaultConfigurationName = Release;
		};
/* End XCConfigurationList section */
	};
	rootObject = 65F7A3662913152E00C32E17 /* Project object */;
}
